
Microsoft Visual Studio Solution File, Format Version 12.00
# Visual Studio Version 17
VisualStudioVersion = 17.2.32519.379
MinimumVisualStudioVersion = 10.0.40219.1
Project("{FAE04EC0-301F-11D3-BF4B-00C04F79EFBC}") = "Vidly", "Vidly\Vidly.csproj", "{0F83C1AE-7C3C-4C6C-88FA-8209599EFD86}"
EndProject
Global
	GlobalSection(SolutionConfigurationPlatforms) = preSolution
		Debug|Any CPU = Debug|Any CPU
		Release|Any CPU = Release|Any CPU
	EndGlobalSection
	GlobalSection(ProjectConfigurationPlatforms) = postSolution
		{0F83C1AE-7C3C-4C6C-88FA-8209599EFD86}.Debug|Any CPU.ActiveCfg = Debug|Any CPU
		{0F83C1AE-7C3C-4C6C-88FA-8209599EFD86}.Debug|Any CPU.Build.0 = Debug|Any CPU
		{0F83C1AE-7C3C-4C6C-88FA-8209599EFD86}.Release|Any CPU.ActiveCfg = Release|Any CPU
		{0F83C1AE-7C3C-4C6C-88FA-8209599EFD86}.Release|Any CPU.Build.0 = Release|Any CPU
	EndGlobalSection
	GlobalSection(SolutionProperties) = preSolution
		HideSolutionNode = FALSE
	EndGlobalSection
	GlobalSection(ExtensibilityGlobals) = postSolution
		SolutionGuid = {3D2DC984-0931-40EA-9C71-B2BCA5A55421}
	EndGlobalSection
EndGlobal
